
Microsoft Visual Studio Solution File, Format Version 12.00
# Visual Studio Version 17
VisualStudioVersion = 17.12.35527.113 d17.12
MinimumVisualStudioVersion = 10.0.40219.1
Project("{FAE04EC0-301F-11D3-BF4B-00C04F79EFBC}") = "Sistema de Login GitHub", "Sistema de Login GitHub\Sistema de Login GitHub.csproj", "{634E12A7-F0D3-4133-9733-6A1188B99BAB}"
EndProject
Global
	GlobalSection(SolutionConfigurationPlatforms) = preSolution
		Debug|Any CPU = Debug|Any CPU
		Release|Any CPU = Release|Any CPU
	EndGlobalSection
	GlobalSection(ProjectConfigurationPlatforms) = postSolution
		{634E12A7-F0D3-4133-9733-6A1188B99BAB}.Debug|Any CPU.ActiveCfg = Debug|Any CPU
		{634E12A7-F0D3-4133-9733-6A1188B99BAB}.Debug|Any CPU.Build.0 = Debug|Any CPU
		{634E12A7-F0D3-4133-9733-6A1188B99BAB}.Release|Any CPU.ActiveCfg = Release|Any CPU
		{634E12A7-F0D3-4133-9733-6A1188B99BAB}.Release|Any CPU.Build.0 = Release|Any CPU
	EndGlobalSection
	GlobalSection(SolutionProperties) = preSolution
		HideSolutionNode = FALSE
	EndGlobalSection
EndGlobal
